// !$*UTF8*$!
{
	archiveVersion = 1;
	classes = {
	};
	objectVersion = 56;
	objects = {

/* Begin PBXBuildFile section */
		1A0000000000000000000030 /* AppDelegate.swift in Sources */ = {isa = PBXBuildFile; fileRef = 1A0000000000000000000020 /* AppDelegate.swift */; };
		1A0000000000000000000031 /* SceneDelegate.swift in Sources */ = {isa = PBXBuildFile; fileRef = 1A0000000000000000000021 /* SceneDelegate.swift */; };
		1A0000000000000000000032 /* AppConfiguration.swift in Sources */ = {isa = PBXBuildFile; fileRef = 1A0000000000000000000022 /* AppConfiguration.swift */; };
		1A0000000000000000000033 /* HotwireSetup.swift in Sources */ = {isa = PBXBuildFile; fileRef = 1A0000000000000000000023 /* HotwireSetup.swift */; };
		1A0000000000000000000034 /* Tabs.swift in Sources */ = {isa = PBXBuildFile; fileRef = 1A0000000000000000000024 /* Tabs.swift */; };
		1A0000000000000000000035 /* DriveTabBarController.swift in Sources */ = {isa = PBXBuildFile; fileRef = 1A0000000000000000000025 /* DriveTabBarController.swift */; };
		1A0000000000000000000036 /* DriveWebViewController.swift in Sources */ = {isa = PBXBuildFile; fileRef = 1A0000000000000000000026 /* DriveWebViewController.swift */; };
		1A0000000000000000000038 /* NavButtonsComponent.swift in Sources */ = {isa = PBXBuildFile; fileRef = 1A0000000000000000000029 /* NavButtonsComponent.swift */; };
		1A0000000000000000000037 /* ios_v1.json in Resources */ = {isa = PBXBuildFile; fileRef = 1A0000000000000000000027 /* ios_v1.json */; };
		1A0000000000000000000015 /* HotwireNative in Frameworks */ = {isa = PBXBuildFile; productRef = 1A0000000000000000000014 /* HotwireNative */; };
		1A000000000000000000003A /* Job.swift in Sources */ = {isa = PBXBuildFile; fileRef = 1A000000000000000000002A /* Job.swift */; };
		1A000000000000000000003B /* JobsViewController.swift in Sources */ = {isa = PBXBuildFile; fileRef = 1A000000000000000000002B /* JobsViewController.swift */; };
		1A000000000000000000003C /* DriveNavigatorDelegate.swift in Sources */ = {isa = PBXBuildFile; fileRef = 1A000000000000000000002C /* DriveNavigatorDelegate.swift */; };
		1A0000000000000000000140 /* NativeList.swift in Sources */ = {isa = PBXBuildFile; fileRef = 1A0000000000000000000040 /* NativeList.swift */; };
		1A0000000000000000000141 /* Payloads.swift in Sources */ = {isa = PBXBuildFile; fileRef = 1A0000000000000000000041 /* Payloads.swift */; };
		1A0000000000000000000142 /* Glyphs.swift in Sources */ = {isa = PBXBuildFile; fileRef = 1A0000000000000000000042 /* Glyphs.swift */; };
		1A0000000000000000000143 /* ContactsViewController.swift in Sources */ = {isa = PBXBuildFile; fileRef = 1A0000000000000000000043 /* ContactsViewController.swift */; };
		1A0000000000000000000144 /* ContactsViewController+Table.swift in Sources */ = {isa = PBXBuildFile; fileRef = 1A0000000000000000000044 /* ContactsViewController+Table.swift */; };
		1A0000000000000000000145 /* MessagesViewController.swift in Sources */ = {isa = PBXBuildFile; fileRef = 1A0000000000000000000045 /* MessagesViewController.swift */; };
		1A0000000000000000000146 /* MessagesViewController+Swipe.swift in Sources */ = {isa = PBXBuildFile; fileRef = 1A0000000000000000000046 /* MessagesViewController+Swipe.swift */; };
		1A0000000000000000000147 /* ListsViewController.swift in Sources */ = {isa = PBXBuildFile; fileRef = 1A0000000000000000000047 /* ListsViewController.swift */; };
		1A0000000000000000000148 /* SettingsViewController.swift in Sources */ = {isa = PBXBuildFile; fileRef = 1A0000000000000000000048 /* SettingsViewController.swift */; };
		1A0000000000000000000150 /* ComposeField.swift in Sources */ = {isa = PBXBuildFile; fileRef = 1A0000000000000000000050 /* ComposeField.swift */; };
		1A0000000000000000000151 /* ComposeViewController.swift in Sources */ = {isa = PBXBuildFile; fileRef = 1A0000000000000000000051 /* ComposeViewController.swift */; };
		1A0000000000000000000152 /* ComposeViewController+Table.swift in Sources */ = {isa = PBXBuildFile; fileRef = 1A0000000000000000000052 /* ComposeViewController+Table.swift */; };
		1A0000000000000000000153 /* BubbleCell.swift in Sources */ = {isa = PBXBuildFile; fileRef = 1A0000000000000000000053 /* BubbleCell.swift */; };
		1A0000000000000000000154 /* ConversationViewController.swift in Sources */ = {isa = PBXBuildFile; fileRef = 1A0000000000000000000054 /* ConversationViewController.swift */; };
		1A0000000000000000000155 /* MessageBar.swift in Sources */ = {isa = PBXBuildFile; fileRef = 1A0000000000000000000055 /* MessageBar.swift */; };
		1A0000000000000000000156 /* BackButton.swift in Sources */ = {isa = PBXBuildFile; fileRef = 1A0000000000000000000056 /* BackButton.swift */; };
		1A0000000000000000000157 /* ConversationViewController+Menu.swift in Sources */ = {isa = PBXBuildFile; fileRef = 1A0000000000000000000057 /* ConversationViewController+Menu.swift */; };
/* End PBXBuildFile section */

/* Begin PBXFileReference section */
		1A0000000000000000000005 /* Drive.app */ = {isa = PBXFileReference; explicitFileType = wrapper.application; includeInIndex = 0; path = Drive.app; sourceTree = BUILT_PRODUCTS_DIR; };
		1A0000000000000000000020 /* AppDelegate.swift */ = {isa = PBXFileReference; lastKnownFileType = sourcecode.swift; path = AppDelegate.swift; sourceTree = "<group>"; };
		1A0000000000000000000021 /* SceneDelegate.swift */ = {isa = PBXFileReference; lastKnownFileType = sourcecode.swift; path = SceneDelegate.swift; sourceTree = "<group>"; };
		1A0000000000000000000022 /* AppConfiguration.swift */ = {isa = PBXFileReference; lastKnownFileType = sourcecode.swift; path = AppConfiguration.swift; sourceTree = "<group>"; };
		1A0000000000000000000023 /* HotwireSetup.swift */ = {isa = PBXFileReference; lastKnownFileType = sourcecode.swift; path = HotwireSetup.swift; sourceTree = "<group>"; };
		1A0000000000000000000024 /* Tabs.swift */ = {isa = PBXFileReference; lastKnownFileType = sourcecode.swift; path = Tabs.swift; sourceTree = "<group>"; };
		1A0000000000000000000025 /* DriveTabBarController.swift */ = {isa = PBXFileReference; lastKnownFileType = sourcecode.swift; path = DriveTabBarController.swift; sourceTree = "<group>"; };
		1A0000000000000000000026 /* DriveWebViewController.swift */ = {isa = PBXFileReference; lastKnownFileType = sourcecode.swift; path = DriveWebViewController.swift; sourceTree = "<group>"; };
		1A0000000000000000000027 /* ios_v1.json */ = {isa = PBXFileReference; lastKnownFileType = text.json; path = "ios_v1.json"; sourceTree = "<group>"; };
		1A0000000000000000000029 /* NavButtonsComponent.swift */ = {isa = PBXFileReference; lastKnownFileType = sourcecode.swift; path = NavButtonsComponent.swift; sourceTree = "<group>"; };
		1A0000000000000000000028 /* Info.plist */ = {isa = PBXFileReference; lastKnownFileType = text.plist.xml; path = Info.plist; sourceTree = "<group>"; };
		1A000000000000000000002A /* Job.swift */ = {isa = PBXFileReference; lastKnownFileType = sourcecode.swift; path = Job.swift; sourceTree = "<group>"; };
		1A000000000000000000002B /* JobsViewController.swift */ = {isa = PBXFileReference; lastKnownFileType = sourcecode.swift; path = JobsViewController.swift; sourceTree = "<group>"; };
		1A000000000000000000002C /* DriveNavigatorDelegate.swift */ = {isa = PBXFileReference; lastKnownFileType = sourcecode.swift; path = DriveNavigatorDelegate.swift; sourceTree = "<group>"; };
		1A0000000000000000000040 /* NativeList.swift */ = {isa = PBXFileReference; lastKnownFileType = sourcecode.swift; path = "NativeList.swift"; sourceTree = "<group>"; };
		1A0000000000000000000041 /* Payloads.swift */ = {isa = PBXFileReference; lastKnownFileType = sourcecode.swift; path = "Payloads.swift"; sourceTree = "<group>"; };
		1A0000000000000000000042 /* Glyphs.swift */ = {isa = PBXFileReference; lastKnownFileType = sourcecode.swift; path = "Glyphs.swift"; sourceTree = "<group>"; };
		1A0000000000000000000043 /* ContactsViewController.swift */ = {isa = PBXFileReference; lastKnownFileType = sourcecode.swift; path = "ContactsViewController.swift"; sourceTree = "<group>"; };
		1A0000000000000000000044 /* ContactsViewController+Table.swift */ = {isa = PBXFileReference; lastKnownFileType = sourcecode.swift; path = "ContactsViewController+Table.swift"; sourceTree = "<group>"; };
		1A0000000000000000000045 /* MessagesViewController.swift */ = {isa = PBXFileReference; lastKnownFileType = sourcecode.swift; path = "MessagesViewController.swift"; sourceTree = "<group>"; };
		1A0000000000000000000046 /* MessagesViewController+Swipe.swift */ = {isa = PBXFileReference; lastKnownFileType = sourcecode.swift; path = "MessagesViewController+Swipe.swift"; sourceTree = "<group>"; };
		1A0000000000000000000047 /* ListsViewController.swift */ = {isa = PBXFileReference; lastKnownFileType = sourcecode.swift; path = "ListsViewController.swift"; sourceTree = "<group>"; };
		1A0000000000000000000048 /* SettingsViewController.swift */ = {isa = PBXFileReference; lastKnownFileType = sourcecode.swift; path = "SettingsViewController.swift"; sourceTree = "<group>"; };
		1A0000000000000000000050 /* ComposeField.swift */ = {isa = PBXFileReference; lastKnownFileType = sourcecode.swift; path = "ComposeField.swift"; sourceTree = "<group>"; };
		1A0000000000000000000051 /* ComposeViewController.swift */ = {isa = PBXFileReference; lastKnownFileType = sourcecode.swift; path = "ComposeViewController.swift"; sourceTree = "<group>"; };
		1A0000000000000000000052 /* ComposeViewController+Table.swift */ = {isa = PBXFileReference; lastKnownFileType = sourcecode.swift; path = "ComposeViewController+Table.swift"; sourceTree = "<group>"; };
		1A0000000000000000000053 /* BubbleCell.swift */ = {isa = PBXFileReference; lastKnownFileType = sourcecode.swift; path = "BubbleCell.swift"; sourceTree = "<group>"; };
		1A0000000000000000000054 /* ConversationViewController.swift */ = {isa = PBXFileReference; lastKnownFileType = sourcecode.swift; path = "ConversationViewController.swift"; sourceTree = "<group>"; };
		1A0000000000000000000055 /* MessageBar.swift */ = {isa = PBXFileReference; lastKnownFileType = sourcecode.swift; path = "MessageBar.swift"; sourceTree = "<group>"; };
		1A0000000000000000000056 /* BackButton.swift */ = {isa = PBXFileReference; lastKnownFileType = sourcecode.swift; path = "BackButton.swift"; sourceTree = "<group>"; };
		1A0000000000000000000057 /* ConversationViewController+Menu.swift */ = {isa = PBXFileReference; lastKnownFileType = sourcecode.swift; path = "ConversationViewController+Menu.swift"; sourceTree = "<group>"; };
/* End PBXFileReference section */

/* Begin PBXFrameworksBuildPhase section */
		1A000000000000000000000D /* Frameworks */ = {
			isa = PBXFrameworksBuildPhase;
			buildActionMask = 2147483647;
			files = (
				1A0000000000000000000015 /* HotwireNative in Frameworks */,
			);
			runOnlyForDeploymentPostprocessing = 0;
		};
/* End PBXFrameworksBuildPhase section */

/* Begin PBXGroup section */
		1A0000000000000000000002 = {
			isa = PBXGroup;
			children = (
				1A000000000000000000000F /* Drive */,
				1A0000000000000000000003 /* Products */,
			);
			sourceTree = "<group>";
		};
		1A0000000000000000000003 /* Products */ = {
			isa = PBXGroup;
			children = (
				1A0000000000000000000005 /* Drive.app */,
			);
			name = Products;
			sourceTree = "<group>";
		};
		1A000000000000000000000F /* Drive */ = {
			isa = PBXGroup;
			children = (
				1A0000000000000000000020 /* AppDelegate.swift */,
				1A0000000000000000000021 /* SceneDelegate.swift */,
				1A0000000000000000000016 /* Bridge */,
				1A0000000000000000000010 /* Configuration */,
				1A0000000000000000000011 /* Navigation */,
				1A0000000000000000000017 /* Screens */,
				1A0000000000000000000012 /* Resources */,
				1A0000000000000000000028 /* Info.plist */,
			);
			path = Drive;
			sourceTree = "<group>";
		};
		1A0000000000000000000016 /* Bridge */ = {
			isa = PBXGroup;
			children = (
				1A0000000000000000000029 /* NavButtonsComponent.swift */,
			);
			path = Bridge;
			sourceTree = "<group>";
		};
		1A0000000000000000000010 /* Configuration */ = {
			isa = PBXGroup;
			children = (
				1A0000000000000000000022 /* AppConfiguration.swift */,
				1A0000000000000000000023 /* HotwireSetup.swift */,
				1A0000000000000000000024 /* Tabs.swift */,
			);
			path = Configuration;
			sourceTree = "<group>";
		};
		1A0000000000000000000017 /* Screens */ = {
			isa = PBXGroup;
			children = (
				1A000000000000000000002A /* Job.swift */,
				1A000000000000000000002B /* JobsViewController.swift */,
				1A0000000000000000000057 /* ConversationViewController+Menu.swift */,
				1A0000000000000000000056 /* BackButton.swift */,
				1A0000000000000000000055 /* MessageBar.swift */,
				1A0000000000000000000054 /* ConversationViewController.swift */,
				1A0000000000000000000053 /* BubbleCell.swift */,
				1A0000000000000000000052 /* ComposeViewController+Table.swift */,
				1A0000000000000000000051 /* ComposeViewController.swift */,
				1A0000000000000000000050 /* ComposeField.swift */,
				1A0000000000000000000040 /* NativeList.swift */,
				1A0000000000000000000041 /* Payloads.swift */,
				1A0000000000000000000042 /* Glyphs.swift */,
				1A0000000000000000000043 /* ContactsViewController.swift */,
				1A0000000000000000000044 /* ContactsViewController+Table.swift */,
				1A0000000000000000000045 /* MessagesViewController.swift */,
				1A0000000000000000000046 /* MessagesViewController+Swipe.swift */,
				1A0000000000000000000047 /* ListsViewController.swift */,
				1A0000000000000000000048 /* SettingsViewController.swift */,
			);
			path = Screens;
			sourceTree = "<group>";
		};
		1A0000000000000000000011 /* Navigation */ = {
			isa = PBXGroup;
			children = (
				1A000000000000000000002C /* DriveNavigatorDelegate.swift */,
				1A0000000000000000000025 /* DriveTabBarController.swift */,
				1A0000000000000000000026 /* DriveWebViewController.swift */,
			);
			path = Navigation;
			sourceTree = "<group>";
		};
		1A0000000000000000000012 /* Resources */ = {
			isa = PBXGroup;
			children = (
				1A0000000000000000000027 /* ios_v1.json */,
			);
			path = Resources;
			sourceTree = "<group>";
		};
/* End PBXGroup section */

/* Begin PBXNativeTarget section */
		1A0000000000000000000004 /* Drive */ = {
			isa = PBXNativeTarget;
			buildConfigurationList = 1A0000000000000000000007 /* Build configuration list for PBXNativeTarget "Drive" */;
			buildPhases = (
				1A000000000000000000000C /* Sources */,
				1A000000000000000000000D /* Frameworks */,
				1A000000000000000000000E /* Resources */,
			);
			buildRules = (
			);
			dependencies = (
			);
			name = Drive;
			packageProductDependencies = (
				1A0000000000000000000014 /* HotwireNative */,
			);
			productName = Drive;
			productReference = 1A0000000000000000000005 /* Drive.app */;
			productType = "com.apple.product-type.application";
		};
/* End PBXNativeTarget section */

/* Begin PBXProject section */
		1A0000000000000000000001 /* Project object */ = {
			isa = PBXProject;
			attributes = {
				BuildIndependentTargetsInParallel = 1;
				LastSwiftUpdateCheck = 1500;
				LastUpgradeCheck = 1500;
				TargetAttributes = {
					1A0000000000000000000004 = {
						CreatedOnToolsVersion = 15.0.1;
					};
				};
			};
			buildConfigurationList = 1A0000000000000000000006 /* Build configuration list for PBXProject "Drive" */;
			compatibilityVersion = "Xcode 14.0";
			developmentRegion = en;
			hasScannedForEncodings = 0;
			knownRegions = (
				en,
				Base,
			);
			mainGroup = 1A0000000000000000000002;
			packageReferences = (
				1A0000000000000000000013 /* XCRemoteSwiftPackageReference "hotwire-native-ios" */,
			);
			productRefGroup = 1A0000000000000000000003 /* Products */;
			projectDirPath = "";
			projectRoot = "";
			targets = (
				1A0000000000000000000004 /* Drive */,
			);
		};
/* End PBXProject section */

/* Begin PBXResourcesBuildPhase section */
		1A000000000000000000000E /* Resources */ = {
			isa = PBXResourcesBuildPhase;
			buildActionMask = 2147483647;
			files = (
				1A0000000000000000000037 /* ios_v1.json in Resources */,
			);
			runOnlyForDeploymentPostprocessing = 0;
		};
/* End PBXResourcesBuildPhase section */

/* Begin PBXSourcesBuildPhase section */
		1A000000000000000000000C /* Sources */ = {
			isa = PBXSourcesBuildPhase;
			buildActionMask = 2147483647;
			files = (
				1A0000000000000000000030 /* AppDelegate.swift in Sources */,
				1A0000000000000000000031 /* SceneDelegate.swift in Sources */,
				1A0000000000000000000032 /* AppConfiguration.swift in Sources */,
				1A0000000000000000000033 /* HotwireSetup.swift in Sources */,
				1A0000000000000000000034 /* Tabs.swift in Sources */,
				1A0000000000000000000035 /* DriveTabBarController.swift in Sources */,
				1A0000000000000000000036 /* DriveWebViewController.swift in Sources */,
				1A0000000000000000000038 /* NavButtonsComponent.swift in Sources */,
				1A000000000000000000003C /* DriveNavigatorDelegate.swift in Sources */,
				1A000000000000000000003B /* JobsViewController.swift in Sources */,
				1A0000000000000000000157 /* ConversationViewController+Menu.swift in Sources */,
				1A0000000000000000000156 /* BackButton.swift in Sources */,
				1A0000000000000000000155 /* MessageBar.swift in Sources */,
				1A0000000000000000000154 /* ConversationViewController.swift in Sources */,
				1A0000000000000000000153 /* BubbleCell.swift in Sources */,
				1A0000000000000000000150 /* ComposeField.swift in Sources */,
				1A0000000000000000000151 /* ComposeViewController.swift in Sources */,
				1A0000000000000000000152 /* ComposeViewController+Table.swift in Sources */,
				1A0000000000000000000140 /* NativeList.swift in Sources */,
				1A0000000000000000000141 /* Payloads.swift in Sources */,
				1A0000000000000000000142 /* Glyphs.swift in Sources */,
				1A0000000000000000000143 /* ContactsViewController.swift in Sources */,
				1A0000000000000000000144 /* ContactsViewController+Table.swift in Sources */,
				1A0000000000000000000145 /* MessagesViewController.swift in Sources */,
				1A0000000000000000000146 /* MessagesViewController+Swipe.swift in Sources */,
				1A0000000000000000000147 /* ListsViewController.swift in Sources */,
				1A0000000000000000000148 /* SettingsViewController.swift in Sources */,
				1A000000000000000000003A /* Job.swift in Sources */,
			);
			runOnlyForDeploymentPostprocessing = 0;
		};
/* End PBXSourcesBuildPhase section */

/* Begin XCBuildConfiguration section */
		1A0000000000000000000008 /* Debug */ = {
			isa = XCBuildConfiguration;
			buildSettings = {
				ALWAYS_SEARCH_USER_PATHS = NO;
				CLANG_ENABLE_MODULES = YES;
				CLANG_ENABLE_OBJC_ARC = YES;
				COPY_PHASE_STRIP = NO;
				DEBUG_INFORMATION_FORMAT = dwarf;
				ENABLE_STRICT_OBJC_MSGSEND = YES;
				ENABLE_TESTABILITY = YES;
				GCC_NO_COMMON_BLOCKS = YES;
				GCC_OPTIMIZATION_LEVEL = 0;
				GCC_PREPROCESSOR_DEFINITIONS = (
					"DEBUG=1",
					"$(inherited)",
				);
				IPHONEOS_DEPLOYMENT_TARGET = 17.0;
				MTL_ENABLE_DEBUG_INFO = INCLUDE_SOURCE;
				ONLY_ACTIVE_ARCH = YES;
				SDKROOT = iphoneos;
				SWIFT_ACTIVE_COMPILATION_CONDITIONS = "DEBUG $(inherited)";
				SWIFT_OPTIMIZATION_LEVEL = "-Onone";
			};
			name = Debug;
		};
		1A0000000000000000000009 /* Release */ = {
			isa = XCBuildConfiguration;
			buildSettings = {
				ALWAYS_SEARCH_USER_PATHS = NO;
				CLANG_ENABLE_MODULES = YES;
				CLANG_ENABLE_OBJC_ARC = YES;
				COPY_PHASE_STRIP = NO;
				DEBUG_INFORMATION_FORMAT = "dwarf-with-dsym";
				ENABLE_NS_ASSERTIONS = NO;
				ENABLE_STRICT_OBJC_MSGSEND = YES;
				GCC_NO_COMMON_BLOCKS = YES;
				IPHONEOS_DEPLOYMENT_TARGET = 17.0;
				MTL_ENABLE_DEBUG_INFO = NO;
				SDKROOT = iphoneos;
				SWIFT_COMPILATION_MODE = wholemodule;
				VALIDATE_PRODUCT = YES;
			};
			name = Release;
		};
		1A000000000000000000000A /* Debug */ = {
			isa = XCBuildConfiguration;
			buildSettings = {
				ASSETCATALOG_COMPILER_APPICON_NAME = "";
				CODE_SIGNING_ALLOWED = NO;
				CODE_SIGNING_REQUIRED = NO;
				CURRENT_PROJECT_VERSION = 1;
				DEVELOPMENT_TEAM = "";
				"DRIVE_BASE_URL[sdk=*]" = "http:/$()/localhost:4444";
				ENABLE_PREVIEWS = YES;
				GENERATE_INFOPLIST_FILE = NO;
				INFOPLIST_FILE = Drive/Info.plist;
				LD_RUNPATH_SEARCH_PATHS = (
					"$(inherited)",
					"@executable_path/Frameworks",
				);
				MARKETING_VERSION = 1.0;
				PRODUCT_BUNDLE_IDENTIFIER = com.claudiob.drive;
				PRODUCT_NAME = "$(TARGET_NAME)";
				SWIFT_EMIT_LOC_STRINGS = YES;
				SWIFT_VERSION = 5.0;
				TARGETED_DEVICE_FAMILY = 1;
			};
			name = Debug;
		};
		1A000000000000000000000B /* Release */ = {
			isa = XCBuildConfiguration;
			buildSettings = {
				ASSETCATALOG_COMPILER_APPICON_NAME = "";
				CODE_SIGNING_ALLOWED = NO;
				CODE_SIGNING_REQUIRED = NO;
				CURRENT_PROJECT_VERSION = 1;
				DEVELOPMENT_TEAM = "";
				"DRIVE_BASE_URL[sdk=*]" = "http:/$()/localhost:4444";
				ENABLE_PREVIEWS = YES;
				GENERATE_INFOPLIST_FILE = NO;
				INFOPLIST_FILE = Drive/Info.plist;
				LD_RUNPATH_SEARCH_PATHS = (
					"$(inherited)",
					"@executable_path/Frameworks",
				);
				MARKETING_VERSION = 1.0;
				PRODUCT_BUNDLE_IDENTIFIER = com.claudiob.drive;
				PRODUCT_NAME = "$(TARGET_NAME)";
				SWIFT_EMIT_LOC_STRINGS = YES;
				SWIFT_VERSION = 5.0;
				TARGETED_DEVICE_FAMILY = 1;
			};
			name = Release;
		};
/* End XCBuildConfiguration section */

/* Begin XCConfigurationList section */
		1A0000000000000000000006 /* Build configuration list for PBXProject "Drive" */ = {
			isa = XCConfigurationList;
			buildConfigurations = (
				1A0000000000000000000008 /* Debug */,
				1A0000000000000000000009 /* Release */,
			);
			defaultConfigurationIsVisible = 0;
			defaultConfigurationName = Release;
		};
		1A0000000000000000000007 /* Build configuration list for PBXNativeTarget "Drive" */ = {
			isa = XCConfigurationList;
			buildConfigurations = (
				1A000000000000000000000A /* Debug */,
				1A000000000000000000000B /* Release */,
			);
			defaultConfigurationIsVisible = 0;
			defaultConfigurationName = Release;
		};
/* End XCConfigurationList section */

/* Begin XCRemoteSwiftPackageReference section */
		1A0000000000000000000013 /* XCRemoteSwiftPackageReference "hotwire-native-ios" */ = {
			isa = XCRemoteSwiftPackageReference;
			repositoryURL = "https://github.com/hotwired/hotwire-native-ios";
			requirement = {
				kind = exactVersion;
				version = "1.3.0-beta";
			};
		};
/* End XCRemoteSwiftPackageReference section */

/* Begin XCSwiftPackageProductDependency section */
		1A0000000000000000000014 /* HotwireNative */ = {
			isa = XCSwiftPackageProductDependency;
			package = 1A0000000000000000000013 /* XCRemoteSwiftPackageReference "hotwire-native-ios" */;
			productName = HotwireNative;
		};
/* End XCSwiftPackageProductDependency section */
	};
	rootObject = 1A0000000000000000000001 /* Project object */;
}
